
Microsoft Visual Studio Solution File, Format Version 12.00
# Visual Studio Version 17
VisualStudioVersion = 17.9.34616.47
MinimumVisualStudioVersion = 10.0.40219.1
Project("{8BC9CEB8-8B4A-11D0-8D11-00A0C91BC942}") = "PARADIGMAOOP2_0196", "PARADIGMAOOP2_0196.vcxproj", "{5A0962A1-0E1D-444D-91D2-AC6772D0D63A}"
EndProject
Project("{8BC9CEB8-8B4A-11D0-8D11-00A0C91BC942}") = "Overriding", "Overriding\Overriding.vcxproj", "{ECB9ECBC-EC83-4268-B35A-FC7A40EADC2B}"
EndProject
Project("{8BC9CEB8-8B4A-11D0-8D11-00A0C91BC942}") = "noPewarisan", "noPewarisan\noPewarisan.vcxproj", "{9C8E7B28-244A-4CCF-9B10-3A923BCFBE1B}"
EndProject
Project("{8BC9CEB8-8B4A-11D0-8D11-00A0C91BC942}") = "Enkapsulasi", "Enkapsulasi\Enkapsulasi.vcxproj", "{EC6FD19A-8CF7-48C4-BA7B-56BCDA9097EE}"
EndProject
Project("{8BC9CEB8-8B4A-11D0-8D11-00A0C91BC942}") = "abstraksi", "abstraksi\abstraksi.vcxproj", "{CF5C11EC-B3FC-4823-B1AD-DE58BD0869E2}"
EndProject
Project("{8BC9CEB8-8B4A-11D0-8D11-00A0C91BC942}") = "abstraksiHeader", "abstraksiHeader\abstraksiHeader.vcxproj", "{3EA42957-1625-4037-AC2E-2B84CF6669B0}"
EndProject
Project("{8BC9CEB8-8B4A-11D0-8D11-00A0C91BC942}") = "multiwaris", "multiwaris\multiwaris.vcxproj", "{BDB24314-8479-4E5B-B755-DCA1BA373EB8}"
EndProject
Project("{8BC9CEB8-8B4A-11D0-8D11-00A0C91BC942}") = "solveMultiwaris", "solveMultiwaris\solveMultiwaris.vcxproj", "{8059F348-D54F-4F8A-914A-B69684B07278}"
EndProject
Global
	GlobalSection(SolutionConfigurationPlatforms) = preSolution
		Debug|x64 = Debug|x64
		Debug|x86 = Debug|x86
		Release|x64 = Release|x64
		Release|x86 = Release|x86
	EndGlobalSection
	GlobalSection(ProjectConfigurationPlatforms) = postSolution
		{5A0962A1-0E1D-444D-91D2-AC6772D0D63A}.Debug|x64.ActiveCfg = Debug|x64
		{5A0962A1-0E1D-444D-91D2-AC6772D0D63A}.Debug|x64.Build.0 = Debug|x64
		{5A0962A1-0E1D-444D-91D2-AC6772D0D63A}.Debug|x86.ActiveCfg = Debug|Win32
		{5A0962A1-0E1D-444D-91D2-AC6772D0D63A}.Debug|x86.Build.0 = Debug|Win32
		{5A0962A1-0E1D-444D-91D2-AC6772D0D63A}.Release|x64.ActiveCfg = Release|x64
		{5A0962A1-0E1D-444D-91D2-AC6772D0D63A}.Release|x64.Build.0 = Release|x64
		{5A0962A1-0E1D-444D-91D2-AC6772D0D63A}.Release|x86.ActiveCfg = Release|Win32
		{5A0962A1-0E1D-444D-91D2-AC6772D0D63A}.Release|x86.Build.0 = Release|Win32
		{ECB9ECBC-EC83-4268-B35A-FC7A40EADC2B}.Debug|x64.ActiveCfg = Debug|x64
		{ECB9ECBC-EC83-4268-B35A-FC7A40EADC2B}.Debug|x64.Build.0 = Debug|x64
		{ECB9ECBC-EC83-4268-B35A-FC7A40EADC2B}.Debug|x86.ActiveCfg = Debug|Win32
		{ECB9ECBC-EC83-4268-B35A-FC7A40EADC2B}.Debug|x86.Build.0 = Debug|Win32
		{ECB9ECBC-EC83-4268-B35A-FC7A40EADC2B}.Release|x64.ActiveCfg = Release|x64
		{ECB9ECBC-EC83-4268-B35A-FC7A40EADC2B}.Release|x64.Build.0 = Release|x64
		{ECB9ECBC-EC83-4268-B35A-FC7A40EADC2B}.Release|x86.ActiveCfg = Release|Win32
		{ECB9ECBC-EC83-4268-B35A-FC7A40EADC2B}.Release|x86.Build.0 = Release|Win32
		{9C8E7B28-244A-4CCF-9B10-3A923BCFBE1B}.Debug|x64.ActiveCfg = Debug|x64
		{9C8E7B28-244A-4CCF-9B10-3A923BCFBE1B}.Debug|x64.Build.0 = Debug|x64
		{9C8E7B28-244A-4CCF-9B10-3A923BCFBE1B}.Debug|x86.ActiveCfg = Debug|Win32
		{9C8E7B28-244A-4CCF-9B10-3A923BCFBE1B}.Debug|x86.Build.0 = Debug|Win32
		{9C8E7B28-244A-4CCF-9B10-3A923BCFBE1B}.Release|x64.ActiveCfg = Release|x64
		{9C8E7B28-244A-4CCF-9B10-3A923BCFBE1B}.Release|x64.Build.0 = Release|x64
		{9C8E7B28-244A-4CCF-9B10-3A923BCFBE1B}.Release|x86.ActiveCfg = Release|Win32
		{9C8E7B28-244A-4CCF-9B10-3A923BCFBE1B}.Release|x86.Build.0 = Release|Win32
		{EC6FD19A-8CF7-48C4-BA7B-56BCDA9097EE}.Debug|x64.ActiveCfg = Debug|x64
		{EC6FD19A-8CF7-48C4-BA7B-56BCDA9097EE}.Debug|x64.Build.0 = Debug|x64
		{EC6FD19A-8CF7-48C4-BA7B-56BCDA9097EE}.Debug|x86.ActiveCfg = Debug|Win32
		{EC6FD19A-8CF7-48C4-BA7B-56BCDA9097EE}.Debug|x86.Build.0 = Debug|Win32
		{EC6FD19A-8CF7-48C4-BA7B-56BCDA9097EE}.Release|x64.ActiveCfg = Release|x64
		{EC6FD19A-8CF7-48C4-BA7B-56BCDA9097EE}.Release|x64.Build.0 = Release|x64
		{EC6FD19A-8CF7-48C4-BA7B-56BCDA9097EE}.Release|x86.ActiveCfg = Release|Win32
		{EC6FD19A-8CF7-48C4-BA7B-56BCDA9097EE}.Release|x86.Build.0 = Release|Win32
		{CF5C11EC-B3FC-4823-B1AD-DE58BD0869E2}.Debug|x64.ActiveCfg = Debug|x64
		{CF5C11EC-B3FC-4823-B1AD-DE58BD0869E2}.Debug|x64.Build.0 = Debug|x64
		{CF5C11EC-B3FC-4823-B1AD-DE58BD0869E2}.Debug|x86.ActiveCfg = Debug|Win32
		{CF5C11EC-B3FC-4823-B1AD-DE58BD0869E2}.Debug|x86.Build.0 = Debug|Win32
		{CF5C11EC-B3FC-4823-B1AD-DE58BD0869E2}.Release|x64.ActiveCfg = Release|x64
		{CF5C11EC-B3FC-4823-B1AD-DE58BD0869E2}.Release|x64.Build.0 = Release|x64
		{CF5C11EC-B3FC-4823-B1AD-DE58BD0869E2}.Release|x86.ActiveCfg = Release|Win32
		{CF5C11EC-B3FC-4823-B1AD-DE58BD0869E2}.Release|x86.Build.0 = Release|Win32
		{3EA42957-1625-4037-AC2E-2B84CF6669B0}.Debug|x64.ActiveCfg = Debug|x64
		{3EA42957-1625-4037-AC2E-2B84CF6669B0}.Debug|x64.Build.0 = Debug|x64
		{3EA42957-1625-4037-AC2E-2B84CF6669B0}.Debug|x86.ActiveCfg = Debug|Win32
		{3EA42957-1625-4037-AC2E-2B84CF6669B0}.Debug|x86.Build.0 = Debug|Win32
		{3EA42957-1625-4037-AC2E-2B84CF6669B0}.Release|x64.ActiveCfg = Release|x64
		{3EA42957-1625-4037-AC2E-2B84CF6669B0}.Release|x64.Build.0 = Release|x64
		{3EA42957-1625-4037-AC2E-2B84CF6669B0}.Release|x86.ActiveCfg = Release|Win32
		{3EA42957-1625-4037-AC2E-2B84CF6669B0}.Release|x86.Build.0 = Release|Win32
		{BDB24314-8479-4E5B-B755-DCA1BA373EB8}.Debug|x64.ActiveCfg = Debug|x64
		{BDB24314-8479-4E5B-B755-DCA1BA373EB8}.Debug|x64.Build.0 = Debug|x64
		{BDB24314-8479-4E5B-B755-DCA1BA373EB8}.Debug|x86.ActiveCfg = Debug|Win32
		{BDB24314-8479-4E5B-B755-DCA1BA373EB8}.Debug|x86.Build.0 = Debug|Win32
		{BDB24314-8479-4E5B-B755-DCA1BA373EB8}.Release|x64.ActiveCfg = Release|x64
		{BDB24314-8479-4E5B-B755-DCA1BA373EB8}.Release|x64.Build.0 = Release|x64
		{BDB24314-8479-4E5B-B755-DCA1BA373EB8}.Release|x86.ActiveCfg = Release|Win32
		{BDB24314-8479-4E5B-B755-DCA1BA373EB8}.Release|x86.Build.0 = Release|Win32
		{8059F348-D54F-4F8A-914A-B69684B07278}.Debug|x64.ActiveCfg = Debug|x64
		{8059F348-D54F-4F8A-914A-B69684B07278}.Debug|x64.Build.0 = Debug|x64
		{8059F348-D54F-4F8A-914A-B69684B07278}.Debug|x86.ActiveCfg = Debug|Win32
		{8059F348-D54F-4F8A-914A-B69684B07278}.Debug|x86.Build.0 = Debug|Win32
		{8059F348-D54F-4F8A-914A-B69684B07278}.Release|x64.ActiveCfg = Release|x64
		{8059F348-D54F-4F8A-914A-B69684B07278}.Release|x64.Build.0 = Release|x64
		{8059F348-D54F-4F8A-914A-B69684B07278}.Release|x86.ActiveCfg = Release|Win32
		{8059F348-D54F-4F8A-914A-B69684B07278}.Release|x86.Build.0 = Release|Win32
	EndGlobalSection
	GlobalSection(SolutionProperties) = preSolution
		HideSolutionNode = FALSE
	EndGlobalSection
	GlobalSection(ExtensibilityGlobals) = postSolution
		SolutionGuid = {D6C49781-8918-4994-BACA-30E50E704716}
	EndGlobalSection
EndGlobal
